
Microsoft Visual Studio Solution File, Format Version 12.00
# Visual Studio 15
VisualStudioVersion = 15.0.28010.2041
MinimumVisualStudioVersion = 10.0.40219.1
Project("{FAE04EC0-301F-11D3-BF4B-00C04F79EFBC}") = "BE", "BE\BE.csproj", "{6067781A-A872-46C6-A248-5106B6ECA943}"
EndProject
Project("{FAE04EC0-301F-11D3-BF4B-00C04F79EFBC}") = "DAL", "DAL\DAL.csproj", "{0EE42DDF-4037-4EF8-9F5A-C7F1C4796BF3}"
EndProject
Project("{FAE04EC0-301F-11D3-BF4B-00C04F79EFBC}") = "DS", "DS\DS.csproj", "{C6C0F64C-C5E8-4DC0-8427-2BA1BA6D21E9}"
EndProject
Project("{FAE04EC0-301F-11D3-BF4B-00C04F79EFBC}") = "BL", "BL\BL.csproj", "{346E5A18-9A0B-46E7-84E7-4FACDC68BF85}"
EndProject
Project("{FAE04EC0-301F-11D3-BF4B-00C04F79EFBC}") = "PLWPF", "PLWPF\PLWPF.csproj", "{B413CA33-99E0-47C6-9516-D2B6D8A8B7B5}"
EndProject
Global
	GlobalSection(SolutionConfigurationPlatforms) = preSolution
		Debug|Any CPU = Debug|Any CPU
		Release|Any CPU = Release|Any CPU
	EndGlobalSection
	GlobalSection(ProjectConfigurationPlatforms) = postSolution
		{6067781A-A872-46C6-A248-5106B6ECA943}.Debug|Any CPU.ActiveCfg = Debug|Any CPU
		{6067781A-A872-46C6-A248-5106B6ECA943}.Debug|Any CPU.Build.0 = Debug|Any CPU
		{6067781A-A872-46C6-A248-5106B6ECA943}.Release|Any CPU.ActiveCfg = Release|Any CPU
		{6067781A-A872-46C6-A248-5106B6ECA943}.Release|Any CPU.Build.0 = Release|Any CPU
		{0EE42DDF-4037-4EF8-9F5A-C7F1C4796BF3}.Debug|Any CPU.ActiveCfg = Debug|Any CPU
		{0EE42DDF-4037-4EF8-9F5A-C7F1C4796BF3}.Debug|Any CPU.Build.0 = Debug|Any CPU
		{0EE42DDF-4037-4EF8-9F5A-C7F1C4796BF3}.Release|Any CPU.ActiveCfg = Release|Any CPU
		{0EE42DDF-4037-4EF8-9F5A-C7F1C4796BF3}.Release|Any CPU.Build.0 = Release|Any CPU
		{C6C0F64C-C5E8-4DC0-8427-2BA1BA6D21E9}.Debug|Any CPU.ActiveCfg = Debug|Any CPU
		{C6C0F64C-C5E8-4DC0-8427-2BA1BA6D21E9}.Debug|Any CPU.Build.0 = Debug|Any CPU
		{C6C0F64C-C5E8-4DC0-8427-2BA1BA6D21E9}.Release|Any CPU.ActiveCfg = Release|Any CPU
		{C6C0F64C-C5E8-4DC0-8427-2BA1BA6D21E9}.Release|Any CPU.Build.0 = Release|Any CPU
		{346E5A18-9A0B-46E7-84E7-4FACDC68BF85}.Debug|Any CPU.ActiveCfg = Debug|Any CPU
		{346E5A18-9A0B-46E7-84E7-4FACDC68BF85}.Debug|Any CPU.Build.0 = Debug|Any CPU
		{346E5A18-9A0B-46E7-84E7-4FACDC68BF85}.Release|Any CPU.ActiveCfg = Release|Any CPU
		{346E5A18-9A0B-46E7-84E7-4FACDC68BF85}.Release|Any CPU.Build.0 = Release|Any CPU
		{B413CA33-99E0-47C6-9516-D2B6D8A8B7B5}.Debug|Any CPU.ActiveCfg = Debug|Any CPU
		{B413CA33-99E0-47C6-9516-D2B6D8A8B7B5}.Debug|Any CPU.Build.0 = Debug|Any CPU
		{B413CA33-99E0-47C6-9516-D2B6D8A8B7B5}.Release|Any CPU.ActiveCfg = Release|Any CPU
		{B413CA33-99E0-47C6-9516-D2B6D8A8B7B5}.Release|Any CPU.Build.0 = Release|Any CPU
	EndGlobalSection
	GlobalSection(SolutionProperties) = preSolution
		HideSolutionNode = FALSE
	EndGlobalSection
	GlobalSection(ExtensibilityGlobals) = postSolution
		SolutionGuid = {E878B40D-BC6D-4EA2-AE8A-120D8D770247}
	EndGlobalSection
EndGlobal
